
Microsoft Visual Studio Solution File, Format Version 12.00
# Visual Studio Version 16
VisualStudioVersion = 16.0.31410.357
MinimumVisualStudioVersion = 10.0.40219.1
Project("{9A19103F-16F7-4668-BE54-9A1E7A4F7556}") = "GlobalX.NameSorter", "NameSorter\GlobalX.NameSorter.csproj", "{898C10A4-4D39-4A76-9026-6DF529BFA773}"
EndProject
Project("{FAE04EC0-301F-11D3-BF4B-00C04F79EFBC}") = "GlobalX.NameSorter.UnitTest", "GlobalX.NameSorter.UnitTest\GlobalX.NameSorter.UnitTest.csproj", "{D7BAD3E7-57D1-471B-90E4-AAA42DB0B58F}"
EndProject
Global
	GlobalSection(SolutionConfigurationPlatforms) = preSolution
		Debug|Any CPU = Debug|Any CPU
		Release|Any CPU = Release|Any CPU
	EndGlobalSection
	GlobalSection(ProjectConfigurationPlatforms) = postSolution
		{898C10A4-4D39-4A76-9026-6DF529BFA773}.Debug|Any CPU.ActiveCfg = Debug|Any CPU
		{898C10A4-4D39-4A76-9026-6DF529BFA773}.Debug|Any CPU.Build.0 = Debug|Any CPU
		{898C10A4-4D39-4A76-9026-6DF529BFA773}.Release|Any CPU.ActiveCfg = Release|Any CPU
		{898C10A4-4D39-4A76-9026-6DF529BFA773}.Release|Any CPU.Build.0 = Release|Any CPU
		{D7BAD3E7-57D1-471B-90E4-AAA42DB0B58F}.Debug|Any CPU.ActiveCfg = Debug|Any CPU
		{D7BAD3E7-57D1-471B-90E4-AAA42DB0B58F}.Debug|Any CPU.Build.0 = Debug|Any CPU
		{D7BAD3E7-57D1-471B-90E4-AAA42DB0B58F}.Release|Any CPU.ActiveCfg = Release|Any CPU
		{D7BAD3E7-57D1-471B-90E4-AAA42DB0B58F}.Release|Any CPU.Build.0 = Release|Any CPU
	EndGlobalSection
	GlobalSection(SolutionProperties) = preSolution
		HideSolutionNode = FALSE
	EndGlobalSection
	GlobalSection(ExtensibilityGlobals) = postSolution
		SolutionGuid = {7CC855B7-3C27-4A1C-9C08-2416D66FBD18}
	EndGlobalSection
EndGlobal
